
Microsoft Visual Studio Solution File, Format Version 12.00
# Visual Studio Version 17
VisualStudioVersion = 17.0.31912.275
MinimumVisualStudioVersion = 10.0.40219.1
Project("{9A19103F-16F7-4668-BE54-9A1E7A4F7556}") = "ToDoList", "ToDoList\ToDoList.csproj", "{32E1BD0D-A8EC-43E8-AA5F-E55DE1C03C32}"
EndProject
Project("{FAE04EC0-301F-11D3-BF4B-00C04F79EFBC}") = "TestToDoList", "TestToDoList\TestToDoList.csproj", "{1B073D6B-5123-45EC-930B-9B140505DF82}"
EndProject
Global
	GlobalSection(SolutionConfigurationPlatforms) = preSolution
		Debug|Any CPU = Debug|Any CPU
		Release|Any CPU = Release|Any CPU
	EndGlobalSection
	GlobalSection(ProjectConfigurationPlatforms) = postSolution
		{32E1BD0D-A8EC-43E8-AA5F-E55DE1C03C32}.Debug|Any CPU.ActiveCfg = Debug|Any CPU
		{32E1BD0D-A8EC-43E8-AA5F-E55DE1C03C32}.Debug|Any CPU.Build.0 = Debug|Any CPU
		{32E1BD0D-A8EC-43E8-AA5F-E55DE1C03C32}.Release|Any CPU.ActiveCfg = Release|Any CPU
		{32E1BD0D-A8EC-43E8-AA5F-E55DE1C03C32}.Release|Any CPU.Build.0 = Release|Any CPU
		{1B073D6B-5123-45EC-930B-9B140505DF82}.Debug|Any CPU.ActiveCfg = Debug|Any CPU
		{1B073D6B-5123-45EC-930B-9B140505DF82}.Debug|Any CPU.Build.0 = Debug|Any CPU
		{1B073D6B-5123-45EC-930B-9B140505DF82}.Release|Any CPU.ActiveCfg = Release|Any CPU
		{1B073D6B-5123-45EC-930B-9B140505DF82}.Release|Any CPU.Build.0 = Release|Any CPU
	EndGlobalSection
	GlobalSection(SolutionProperties) = preSolution
		HideSolutionNode = FALSE
	EndGlobalSection
	GlobalSection(ExtensibilityGlobals) = postSolution
		SolutionGuid = {8BCF09CA-5E82-4934-961F-E8216C1A09FC}
	EndGlobalSection
EndGlobal
